
Microsoft Visual Studio Solution File, Format Version 12.00
# Visual Studio Version 17
VisualStudioVersion = 17.14.36915.13 d17.14
MinimumVisualStudioVersion = 10.0.40219.1
Project("{FAE04EC0-301F-11D3-BF4B-00C04F79EFBC}") = "linq_02", "linq_02\linq_02.csproj", "{B53B9276-9F15-4466-9B39-4B0431992C24}"
EndProject
Global
	GlobalSection(SolutionConfigurationPlatforms) = preSolution
		Debug|Any CPU = Debug|Any CPU
		Release|Any CPU = Release|Any CPU
	EndGlobalSection
	GlobalSection(ProjectConfigurationPlatforms) = postSolution
		{B53B9276-9F15-4466-9B39-4B0431992C24}.Debug|Any CPU.ActiveCfg = Debug|Any CPU
		{B53B9276-9F15-4466-9B39-4B0431992C24}.Debug|Any CPU.Build.0 = Debug|Any CPU
		{B53B9276-9F15-4466-9B39-4B0431992C24}.Release|Any CPU.ActiveCfg = Release|Any CPU
		{B53B9276-9F15-4466-9B39-4B0431992C24}.Release|Any CPU.Build.0 = Release|Any CPU
	EndGlobalSection
	GlobalSection(SolutionProperties) = preSolution
		HideSolutionNode = FALSE
	EndGlobalSection
	GlobalSection(ExtensibilityGlobals) = postSolution
		SolutionGuid = {FB4A960A-5E34-403C-A76A-EDB310F98D1E}
	EndGlobalSection
EndGlobal
